
Microsoft Visual Studio Solution File, Format Version 12.00
# Visual Studio Version 16
VisualStudioVersion = 16.0.36324.18
MinimumVisualStudioVersion = 10.0.40219.1
Project("{FAE04EC0-301F-11D3-BF4B-00C04F79EFBC}") = "Capa_Vista_Factura", "Capa_Vista_Factura\Capa_Vista_Factura.csproj", "{A1DA35D0-AD22-4C5F-853A-2C43C79FF18A}"
EndProject
Project("{FAE04EC0-301F-11D3-BF4B-00C04F79EFBC}") = "Capa_Controlador_Factura", "Capa_Controlador_Factura\Capa_Controlador_Factura.csproj", "{6619DB14-C8FD-4F19-A0B0-2EB5D350F347}"
EndProject
Project("{FAE04EC0-301F-11D3-BF4B-00C04F79EFBC}") = "Capa_Modelo_Factura", "Capa_Modelo_Factura\Capa_Modelo_Factura.csproj", "{E5CF2E7A-DEBB-49F5-BD05-5807D36B81BE}"
EndProject
Global
	GlobalSection(SolutionConfigurationPlatforms) = preSolution
		Debug|Any CPU = Debug|Any CPU
		Release|Any CPU = Release|Any CPU
	EndGlobalSection
	GlobalSection(ProjectConfigurationPlatforms) = postSolution
		{A1DA35D0-AD22-4C5F-853A-2C43C79FF18A}.Debug|Any CPU.ActiveCfg = Debug|Any CPU
		{A1DA35D0-AD22-4C5F-853A-2C43C79FF18A}.Debug|Any CPU.Build.0 = Debug|Any CPU
		{A1DA35D0-AD22-4C5F-853A-2C43C79FF18A}.Release|Any CPU.ActiveCfg = Release|Any CPU
		{A1DA35D0-AD22-4C5F-853A-2C43C79FF18A}.Release|Any CPU.Build.0 = Release|Any CPU
		{6619DB14-C8FD-4F19-A0B0-2EB5D350F347}.Debug|Any CPU.ActiveCfg = Debug|Any CPU
		{6619DB14-C8FD-4F19-A0B0-2EB5D350F347}.Debug|Any CPU.Build.0 = Debug|Any CPU
		{6619DB14-C8FD-4F19-A0B0-2EB5D350F347}.Release|Any CPU.ActiveCfg = Release|Any CPU
		{6619DB14-C8FD-4F19-A0B0-2EB5D350F347}.Release|Any CPU.Build.0 = Release|Any CPU
		{E5CF2E7A-DEBB-49F5-BD05-5807D36B81BE}.Debug|Any CPU.ActiveCfg = Debug|Any CPU
		{E5CF2E7A-DEBB-49F5-BD05-5807D36B81BE}.Debug|Any CPU.Build.0 = Debug|Any CPU
		{E5CF2E7A-DEBB-49F5-BD05-5807D36B81BE}.Release|Any CPU.ActiveCfg = Release|Any CPU
		{E5CF2E7A-DEBB-49F5-BD05-5807D36B81BE}.Release|Any CPU.Build.0 = Release|Any CPU
	EndGlobalSection
	GlobalSection(SolutionProperties) = preSolution
		HideSolutionNode = FALSE
	EndGlobalSection
	GlobalSection(ExtensibilityGlobals) = postSolution
		SolutionGuid = {E4F6F23C-6004-4944-8EDF-53D5AEE66BDB}
	EndGlobalSection
EndGlobal
